
Microsoft Visual Studio Solution File, Format Version 12.00
# Visual Studio Version 16
VisualStudioVersion = 16.0.30717.126
MinimumVisualStudioVersion = 10.0.40219.1
Project("{FAE04EC0-301F-11D3-BF4B-00C04F79EFBC}") = "PullRequestExtractor", "PullRequestExtractor\PullRequestExtractor.csproj", "{83E7A4BC-2F4A-4B24-9740-C4F32A10488E}"
EndProject
Global
	GlobalSection(SolutionConfigurationPlatforms) = preSolution
		Debug|Any CPU = Debug|Any CPU
		Release|Any CPU = Release|Any CPU
	EndGlobalSection
	GlobalSection(ProjectConfigurationPlatforms) = postSolution
		{83E7A4BC-2F4A-4B24-9740-C4F32A10488E}.Debug|Any CPU.ActiveCfg = Debug|Any CPU
		{83E7A4BC-2F4A-4B24-9740-C4F32A10488E}.Debug|Any CPU.Build.0 = Debug|Any CPU
		{83E7A4BC-2F4A-4B24-9740-C4F32A10488E}.Release|Any CPU.ActiveCfg = Release|Any CPU
		{83E7A4BC-2F4A-4B24-9740-C4F32A10488E}.Release|Any CPU.Build.0 = Release|Any CPU
	EndGlobalSection
	GlobalSection(SolutionProperties) = preSolution
		HideSolutionNode = FALSE
	EndGlobalSection
	GlobalSection(ExtensibilityGlobals) = postSolution
		SolutionGuid = {6E6210AB-828A-4CD1-B59D-8E636999E8CC}
	EndGlobalSection
EndGlobal
